{
  "version": "5",
  "remote": {
    "https://edge.netlify.com/": "fd941d61d88673d5f28aab283fb86fcc50f08a3bc80ee5470498fcfa88c65cfb",
    "https://edge.netlify.com/bootstrap/config.ts": "6a2ce0e544e15e8f8883a5c18da5948e37fd0f2619f68cb31f3af53c51817025",
    "https://edge.netlify.com/bootstrap/context.ts": "72496497b40d9e808f419efc764ecb438952a32f61ed94cd54952fc59f17f69d",
    "https://edge.netlify.com/bootstrap/cookie.ts": "8b0baae708989ca183c6f3b4ab3d029e6abcbc2e43f93edeb0ff447b3bbc3a05",
    "https://edge.netlify.com/bootstrap/edge_function.ts": "b8253e86aa83c67341f5cfedeba5049d77fbf84dcab7eceff7566b7728ae9b39",
    "https://edge.netlify.com/bootstrap/globals/types.ts": "eaa6148ded3121d8dee62dd91c86e7fe76601df0f3ca8d7962243a30f4c8935f"
  },
  "workspace": {
    "packageJson": {
      "dependencies": [
        "npm:@fortawesome/fontawesome-free@^6.7.1",
        "npm:@nuxt/image@^1.9.0",
        "npm:@nuxtjs/robots@^5.5.6",
        "npm:@nuxtjs/sanity@^1.13.3",
        "npm:@nuxtjs/sitemap@^7.4.7",
        "npm:@paypal/paypal-js@^9.0.1",
        "npm:@pinia/nuxt@0.9",
        "npm:@sanity/client@^6.29.1",
        "npm:@sanity/image-url@^1.1.0",
        "npm:@tailwindcss/typography@~0.5.19",
        "npm:@tailwindcss/vite@^4.0.3",
        "npm:@vueuse/core@^12.8.2",
        "npm:@vueuse/nuxt@^12.4.0",
        "npm:autoprefixer@^10.4.20",
        "npm:axios@^1.8.1",
        "npm:canvas-confetti@^1.9.3",
        "npm:chart.js@^4.4.7",
        "npm:eslint-plugin-tailwindcss@^3.17.5",
        "npm:firebase@^11.1.0",
        "npm:gsap@^3.12.7",
        "npm:mitt@^3.0.1",
        "npm:netlify-cli@^23.12.2",
        "npm:nuxt@^3.14.1592",
        "npm:pinia@^2.3.0",
        "npm:postcss@^8.4.49",
        "npm:tailwindcss@^3.4.17",
        "npm:tone@^15.1.22",
        "npm:vue-router@latest",
        "npm:vue@latest"
      ]
    }
  }
}
